
Microsoft Visual Studio Solution File, Format Version 12.00
# Visual Studio Version 16
VisualStudioVersion = 16.0.30804.86
MinimumVisualStudioVersion = 10.0.40219.1
Project("{FAE04EC0-301F-11D3-BF4B-00C04F79EFBC}") = "capstone 2", "capstone 2.csproj", "{FBE95FC5-8E04-4262-99F6-E51F773AA8EE}"
EndProject
Global
	GlobalSection(SolutionConfigurationPlatforms) = preSolution
		Debug|Any CPU = Debug|Any CPU
		Release|Any CPU = Release|Any CPU
	EndGlobalSection
	GlobalSection(ProjectConfigurationPlatforms) = postSolution
		{FBE95FC5-8E04-4262-99F6-E51F773AA8EE}.Debug|Any CPU.ActiveCfg = Debug|Any CPU
		{FBE95FC5-8E04-4262-99F6-E51F773AA8EE}.Debug|Any CPU.Build.0 = Debug|Any CPU
		{FBE95FC5-8E04-4262-99F6-E51F773AA8EE}.Release|Any CPU.ActiveCfg = Release|Any CPU
		{FBE95FC5-8E04-4262-99F6-E51F773AA8EE}.Release|Any CPU.Build.0 = Release|Any CPU
	EndGlobalSection
	GlobalSection(SolutionProperties) = preSolution
		HideSolutionNode = FALSE
	EndGlobalSection
	GlobalSection(ExtensibilityGlobals) = postSolution
		SolutionGuid = {45D331E0-D730-4BA1-99EA-5C626AC090C1}
	EndGlobalSection
EndGlobal
